
Microsoft Visual Studio Solution File, Format Version 12.00
# Visual Studio Version 17
VisualStudioVersion = 17.6.33829.357
MinimumVisualStudioVersion = 10.0.40219.1
Project("{FAE04EC0-301F-11D3-BF4B-00C04F79EFBC}") = "KFU-6th", "KFU-6th\KFU-6th.csproj", "{19548F27-E0A9-432D-992F-1FD6E015A390}"
EndProject
Project("{FAE04EC0-301F-11D3-BF4B-00C04F79EFBC}") = "TumakovHomeTask", "TumakovHomeTask\TumakovHomeTask.csproj", "{3584BCF3-1E9C-4229-9955-FDE5208CB750}"
EndProject
Project("{FAE04EC0-301F-11D3-BF4B-00C04F79EFBC}") = "Tumakov", "Tumakov\Tumakov.csproj", "{7142BFDF-1159-4EF5-91C2-63672769ED36}"
EndProject
Global
	GlobalSection(SolutionConfigurationPlatforms) = preSolution
		Debug|Any CPU = Debug|Any CPU
		Release|Any CPU = Release|Any CPU
	EndGlobalSection
	GlobalSection(ProjectConfigurationPlatforms) = postSolution
		{19548F27-E0A9-432D-992F-1FD6E015A390}.Debug|Any CPU.ActiveCfg = Debug|Any CPU
		{19548F27-E0A9-432D-992F-1FD6E015A390}.Debug|Any CPU.Build.0 = Debug|Any CPU
		{19548F27-E0A9-432D-992F-1FD6E015A390}.Release|Any CPU.ActiveCfg = Release|Any CPU
		{19548F27-E0A9-432D-992F-1FD6E015A390}.Release|Any CPU.Build.0 = Release|Any CPU
		{3584BCF3-1E9C-4229-9955-FDE5208CB750}.Debug|Any CPU.ActiveCfg = Debug|Any CPU
		{3584BCF3-1E9C-4229-9955-FDE5208CB750}.Debug|Any CPU.Build.0 = Debug|Any CPU
		{3584BCF3-1E9C-4229-9955-FDE5208CB750}.Release|Any CPU.ActiveCfg = Release|Any CPU
		{3584BCF3-1E9C-4229-9955-FDE5208CB750}.Release|Any CPU.Build.0 = Release|Any CPU
		{7142BFDF-1159-4EF5-91C2-63672769ED36}.Debug|Any CPU.ActiveCfg = Debug|Any CPU
		{7142BFDF-1159-4EF5-91C2-63672769ED36}.Debug|Any CPU.Build.0 = Debug|Any CPU
		{7142BFDF-1159-4EF5-91C2-63672769ED36}.Release|Any CPU.ActiveCfg = Release|Any CPU
		{7142BFDF-1159-4EF5-91C2-63672769ED36}.Release|Any CPU.Build.0 = Release|Any CPU
	EndGlobalSection
	GlobalSection(SolutionProperties) = preSolution
		HideSolutionNode = FALSE
	EndGlobalSection
	GlobalSection(ExtensibilityGlobals) = postSolution
		SolutionGuid = {15F2989D-4962-4962-95FF-3184A592CD17}
	EndGlobalSection
EndGlobal
